
Microsoft Visual Studio Solution File, Format Version 12.00
# Visual Studio Version 17
VisualStudioVersion = 17.13.35617.110 d17.13
MinimumVisualStudioVersion = 10.0.40219.1
Project("{2150E333-8FDC-42A3-9474-1A3956D46DE8}") = "common", "common", "{7D261E2A-B46B-478A-A9E2-42815C4E5993}"
EndProject
Project("{2150E333-8FDC-42A3-9474-1A3956D46DE8}") = "modules", "modules", "{26F26A16-A771-42DF-AA15-69A66379ABC8}"
EndProject
Project("{FAE04EC0-301F-11D3-BF4B-00C04F79EFBC}") = "WPF.Admin.Models", "WPF.Admin.Models\WPF.Admin.Models.csproj", "{2777E3A9-0C66-4F4D-BA68-F2A42803FD8F}"
EndProject
Project("{FAE04EC0-301F-11D3-BF4B-00C04F79EFBC}") = "WPFAdmin.DialogModules", "WPFAdmin.DialogModules\WPFAdmin.DialogModules.csproj", "{78A4A09A-B20F-4103-9DF4-B5AE77AEC17B}"
EndProject
Project("{FAE04EC0-301F-11D3-BF4B-00C04F79EFBC}") = "WPFAdmin.NavigationModules", "WPFAdmin.NavigationModules\WPFAdmin.NavigationModules.csproj", "{720EF34A-9CE7-4EBD-A7BA-5B1E7F0BD173}"
EndProject
Project("{FAE04EC0-301F-11D3-BF4B-00C04F79EFBC}") = "WPFAdmin", "WPFAdmin\WPFAdmin.csproj", "{B2F0EB2E-B796-482A-872B-9AC04CB7D336}"
EndProject
Project("{FAE04EC0-301F-11D3-BF4B-00C04F79EFBC}") = "WPF.Admin.Themes", "WPF.Admin.Themes\WPF.Admin.Themes.csproj", "{2DF7B4AB-42D7-4440-A79F-BF791CE1CD42}"
EndProject
Project("{2150E333-8FDC-42A3-9474-1A3956D46DE8}") = "homeNavigationModules", "homeNavigationModules", "{6EFA3031-9EFE-40F1-BCEE-D7BE9F152013}"
EndProject
Project("{FAE04EC0-301F-11D3-BF4B-00C04F79EFBC}") = "GanttChartModules", "GanttChartModules\GanttChartModules.csproj", "{FB8DF3D2-646E-43CB-A33F-157E5693FE31}"
EndProject
Project("{FAE04EC0-301F-11D3-BF4B-00C04F79EFBC}") = "AboutModules", "AboutModules\AboutModules.csproj", "{6BEF36E3-52CE-45B2-B587-1E7149E527E3}"
EndProject
Project("{FAE04EC0-301F-11D3-BF4B-00C04F79EFBC}") = "AntDiagramModules", "AntDiagramModules\AntDiagramModules.csproj", "{206EEE1E-16E9-440A-A0AA-E6EF91D5F597}"
EndProject
Project("{FAE04EC0-301F-11D3-BF4B-00C04F79EFBC}") = "DataValidatorModules", "DataValidatorModules\DataValidatorModules.csproj", "{A2C0A56F-F30A-4449-A273-9483E3EB745C}"
EndProject
Project("{FAE04EC0-301F-11D3-BF4B-00C04F79EFBC}") = "QrCodeModules", "QrCodeModules\QrCodeModules.csproj", "{3DA82923-E485-4685-9A8D-02D3CF702F95}"
EndProject
Project("{FAE04EC0-301F-11D3-BF4B-00C04F79EFBC}") = "RouterEventModules", "RouterEventModules\RouterEventModules.csproj", "{23F5247F-885C-4A94-9A29-C8A3FB0AB947}"
EndProject
Project("{FAE04EC0-301F-11D3-BF4B-00C04F79EFBC}") = "TopicModules", "TopicModules\TopicModules.csproj", "{3EF4D945-2E87-4087-94E5-3958770149BF}"
EndProject
Project("{FAE04EC0-301F-11D3-BF4B-00C04F79EFBC}") = "GetColorModules", "GetColorModules\GetColorModules.csproj", "{9760FEF4-98AD-4415-8F48-CE14ADD919CD}"
EndProject
Project("{FAE04EC0-301F-11D3-BF4B-00C04F79EFBC}") = "CarouselModules", "CarouselModules\CarouselModules.csproj", "{D967566B-96C8-4F06-8CA9-379723CB3135}"
EndProject
Project("{FAE04EC0-301F-11D3-BF4B-00C04F79EFBC}") = "InfiniteScrollingModules", "InfiniteScrollingModules\InfiniteScrollingModules.csproj", "{778DA9CF-7C73-40DA-AEAF-54C45EEBEC6F}"
EndProject
Project("{FAE04EC0-301F-11D3-BF4B-00C04F79EFBC}") = "CustomModules", "CustomModules\CustomModules.csproj", "{197062BB-62A5-4116-821A-652FEF37E731}"
EndProject
Project("{FAE04EC0-301F-11D3-BF4B-00C04F79EFBC}") = "WPFAdmin.LoginModules", "WPFAdmin.LoginModules\WPFAdmin.LoginModules.csproj", "{D16F015C-F286-4457-9BE8-10F0898B0447}"
EndProject
Project("{FAE04EC0-301F-11D3-BF4B-00C04F79EFBC}") = "WPF.Admin.Service", "WPF.Admin.Service\WPF.Admin.Service.csproj", "{40241710-8EEE-42D4-93D6-E94BACD2D3F4}"
EndProject
Project("{FAE04EC0-301F-11D3-BF4B-00C04F79EFBC}") = "WPF.SharedMemory", "WPF.SharedMemory\WPF.SharedMemory.csproj", "{01210CA1-6F07-42CD-A8B7-C8BAADE351E1}"
EndProject
Project("{FAE04EC0-301F-11D3-BF4B-00C04F79EFBC}") = "SharedMemoryDemoModules", "SharedMemoryDemoModules\SharedMemoryDemoModules.csproj", "{5B8EFC6B-18A4-456A-B082-077407FE3954}"
EndProject
Global
	GlobalSection(SolutionConfigurationPlatforms) = preSolution
		Debug|Any CPU = Debug|Any CPU
		Release|Any CPU = Release|Any CPU
	EndGlobalSection
	GlobalSection(ProjectConfigurationPlatforms) = postSolution
		{2777E3A9-0C66-4F4D-BA68-F2A42803FD8F}.Debug|Any CPU.ActiveCfg = Debug|Any CPU
		{2777E3A9-0C66-4F4D-BA68-F2A42803FD8F}.Debug|Any CPU.Build.0 = Debug|Any CPU
		{2777E3A9-0C66-4F4D-BA68-F2A42803FD8F}.Release|Any CPU.ActiveCfg = Release|Any CPU
		{2777E3A9-0C66-4F4D-BA68-F2A42803FD8F}.Release|Any CPU.Build.0 = Release|Any CPU
		{78A4A09A-B20F-4103-9DF4-B5AE77AEC17B}.Debug|Any CPU.ActiveCfg = Debug|Any CPU
		{78A4A09A-B20F-4103-9DF4-B5AE77AEC17B}.Debug|Any CPU.Build.0 = Debug|Any CPU
		{78A4A09A-B20F-4103-9DF4-B5AE77AEC17B}.Release|Any CPU.ActiveCfg = Release|Any CPU
		{78A4A09A-B20F-4103-9DF4-B5AE77AEC17B}.Release|Any CPU.Build.0 = Release|Any CPU
		{720EF34A-9CE7-4EBD-A7BA-5B1E7F0BD173}.Debug|Any CPU.ActiveCfg = Debug|Any CPU
		{720EF34A-9CE7-4EBD-A7BA-5B1E7F0BD173}.Debug|Any CPU.Build.0 = Debug|Any CPU
		{720EF34A-9CE7-4EBD-A7BA-5B1E7F0BD173}.Release|Any CPU.ActiveCfg = Release|Any CPU
		{720EF34A-9CE7-4EBD-A7BA-5B1E7F0BD173}.Release|Any CPU.Build.0 = Release|Any CPU
		{B2F0EB2E-B796-482A-872B-9AC04CB7D336}.Debug|Any CPU.ActiveCfg = Debug|Any CPU
		{B2F0EB2E-B796-482A-872B-9AC04CB7D336}.Debug|Any CPU.Build.0 = Debug|Any CPU
		{B2F0EB2E-B796-482A-872B-9AC04CB7D336}.Release|Any CPU.ActiveCfg = Release|Any CPU
		{B2F0EB2E-B796-482A-872B-9AC04CB7D336}.Release|Any CPU.Build.0 = Release|Any CPU
		{2DF7B4AB-42D7-4440-A79F-BF791CE1CD42}.Debug|Any CPU.ActiveCfg = Debug|Any CPU
		{2DF7B4AB-42D7-4440-A79F-BF791CE1CD42}.Debug|Any CPU.Build.0 = Debug|Any CPU
		{2DF7B4AB-42D7-4440-A79F-BF791CE1CD42}.Release|Any CPU.ActiveCfg = Release|Any CPU
		{2DF7B4AB-42D7-4440-A79F-BF791CE1CD42}.Release|Any CPU.Build.0 = Release|Any CPU
		{FB8DF3D2-646E-43CB-A33F-157E5693FE31}.Debug|Any CPU.ActiveCfg = Debug|Any CPU
		{FB8DF3D2-646E-43CB-A33F-157E5693FE31}.Debug|Any CPU.Build.0 = Debug|Any CPU
		{FB8DF3D2-646E-43CB-A33F-157E5693FE31}.Release|Any CPU.ActiveCfg = Release|Any CPU
		{FB8DF3D2-646E-43CB-A33F-157E5693FE31}.Release|Any CPU.Build.0 = Release|Any CPU
		{6BEF36E3-52CE-45B2-B587-1E7149E527E3}.Debug|Any CPU.ActiveCfg = Debug|Any CPU
		{6BEF36E3-52CE-45B2-B587-1E7149E527E3}.Debug|Any CPU.Build.0 = Debug|Any CPU
		{6BEF36E3-52CE-45B2-B587-1E7149E527E3}.Release|Any CPU.ActiveCfg = Release|Any CPU
		{6BEF36E3-52CE-45B2-B587-1E7149E527E3}.Release|Any CPU.Build.0 = Release|Any CPU
		{206EEE1E-16E9-440A-A0AA-E6EF91D5F597}.Debug|Any CPU.ActiveCfg = Debug|Any CPU
		{206EEE1E-16E9-440A-A0AA-E6EF91D5F597}.Debug|Any CPU.Build.0 = Debug|Any CPU
		{206EEE1E-16E9-440A-A0AA-E6EF91D5F597}.Release|Any CPU.ActiveCfg = Release|Any CPU
		{206EEE1E-16E9-440A-A0AA-E6EF91D5F597}.Release|Any CPU.Build.0 = Release|Any CPU
		{A2C0A56F-F30A-4449-A273-9483E3EB745C}.Debug|Any CPU.ActiveCfg = Debug|Any CPU
		{A2C0A56F-F30A-4449-A273-9483E3EB745C}.Debug|Any CPU.Build.0 = Debug|Any CPU
		{A2C0A56F-F30A-4449-A273-9483E3EB745C}.Release|Any CPU.ActiveCfg = Release|Any CPU
		{A2C0A56F-F30A-4449-A273-9483E3EB745C}.Release|Any CPU.Build.0 = Release|Any CPU
		{3DA82923-E485-4685-9A8D-02D3CF702F95}.Debug|Any CPU.ActiveCfg = Debug|Any CPU
		{3DA82923-E485-4685-9A8D-02D3CF702F95}.Debug|Any CPU.Build.0 = Debug|Any CPU
		{3DA82923-E485-4685-9A8D-02D3CF702F95}.Release|Any CPU.ActiveCfg = Release|Any CPU
		{3DA82923-E485-4685-9A8D-02D3CF702F95}.Release|Any CPU.Build.0 = Release|Any CPU
		{23F5247F-885C-4A94-9A29-C8A3FB0AB947}.Debug|Any CPU.ActiveCfg = Debug|Any CPU
		{23F5247F-885C-4A94-9A29-C8A3FB0AB947}.Debug|Any CPU.Build.0 = Debug|Any CPU
		{23F5247F-885C-4A94-9A29-C8A3FB0AB947}.Release|Any CPU.ActiveCfg = Release|Any CPU
		{23F5247F-885C-4A94-9A29-C8A3FB0AB947}.Release|Any CPU.Build.0 = Release|Any CPU
		{3EF4D945-2E87-4087-94E5-3958770149BF}.Debug|Any CPU.ActiveCfg = Debug|Any CPU
		{3EF4D945-2E87-4087-94E5-3958770149BF}.Debug|Any CPU.Build.0 = Debug|Any CPU
		{3EF4D945-2E87-4087-94E5-3958770149BF}.Release|Any CPU.ActiveCfg = Release|Any CPU
		{3EF4D945-2E87-4087-94E5-3958770149BF}.Release|Any CPU.Build.0 = Release|Any CPU
		{9760FEF4-98AD-4415-8F48-CE14ADD919CD}.Debug|Any CPU.ActiveCfg = Debug|Any CPU
		{9760FEF4-98AD-4415-8F48-CE14ADD919CD}.Debug|Any CPU.Build.0 = Debug|Any CPU
		{9760FEF4-98AD-4415-8F48-CE14ADD919CD}.Release|Any CPU.ActiveCfg = Release|Any CPU
		{9760FEF4-98AD-4415-8F48-CE14ADD919CD}.Release|Any CPU.Build.0 = Release|Any CPU
		{D967566B-96C8-4F06-8CA9-379723CB3135}.Debug|Any CPU.ActiveCfg = Debug|Any CPU
		{D967566B-96C8-4F06-8CA9-379723CB3135}.Debug|Any CPU.Build.0 = Debug|Any CPU
		{D967566B-96C8-4F06-8CA9-379723CB3135}.Release|Any CPU.ActiveCfg = Release|Any CPU
		{D967566B-96C8-4F06-8CA9-379723CB3135}.Release|Any CPU.Build.0 = Release|Any CPU
		{778DA9CF-7C73-40DA-AEAF-54C45EEBEC6F}.Debug|Any CPU.ActiveCfg = Debug|Any CPU
		{778DA9CF-7C73-40DA-AEAF-54C45EEBEC6F}.Debug|Any CPU.Build.0 = Debug|Any CPU
		{778DA9CF-7C73-40DA-AEAF-54C45EEBEC6F}.Release|Any CPU.ActiveCfg = Release|Any CPU
		{778DA9CF-7C73-40DA-AEAF-54C45EEBEC6F}.Release|Any CPU.Build.0 = Release|Any CPU
		{197062BB-62A5-4116-821A-652FEF37E731}.Debug|Any CPU.ActiveCfg = Debug|Any CPU
		{197062BB-62A5-4116-821A-652FEF37E731}.Debug|Any CPU.Build.0 = Debug|Any CPU
		{197062BB-62A5-4116-821A-652FEF37E731}.Release|Any CPU.ActiveCfg = Release|Any CPU
		{197062BB-62A5-4116-821A-652FEF37E731}.Release|Any CPU.Build.0 = Release|Any CPU
		{D16F015C-F286-4457-9BE8-10F0898B0447}.Debug|Any CPU.ActiveCfg = Debug|Any CPU
		{D16F015C-F286-4457-9BE8-10F0898B0447}.Debug|Any CPU.Build.0 = Debug|Any CPU
		{D16F015C-F286-4457-9BE8-10F0898B0447}.Release|Any CPU.ActiveCfg = Release|Any CPU
		{D16F015C-F286-4457-9BE8-10F0898B0447}.Release|Any CPU.Build.0 = Release|Any CPU
		{40241710-8EEE-42D4-93D6-E94BACD2D3F4}.Debug|Any CPU.ActiveCfg = Debug|Any CPU
		{40241710-8EEE-42D4-93D6-E94BACD2D3F4}.Debug|Any CPU.Build.0 = Debug|Any CPU
		{40241710-8EEE-42D4-93D6-E94BACD2D3F4}.Release|Any CPU.ActiveCfg = Release|Any CPU
		{40241710-8EEE-42D4-93D6-E94BACD2D3F4}.Release|Any CPU.Build.0 = Release|Any CPU
		{01210CA1-6F07-42CD-A8B7-C8BAADE351E1}.Debug|Any CPU.ActiveCfg = Debug|Any CPU
		{01210CA1-6F07-42CD-A8B7-C8BAADE351E1}.Debug|Any CPU.Build.0 = Debug|Any CPU
		{01210CA1-6F07-42CD-A8B7-C8BAADE351E1}.Release|Any CPU.ActiveCfg = Release|Any CPU
		{01210CA1-6F07-42CD-A8B7-C8BAADE351E1}.Release|Any CPU.Build.0 = Release|Any CPU
		{5B8EFC6B-18A4-456A-B082-077407FE3954}.Debug|Any CPU.ActiveCfg = Debug|Any CPU
		{5B8EFC6B-18A4-456A-B082-077407FE3954}.Debug|Any CPU.Build.0 = Debug|Any CPU
		{5B8EFC6B-18A4-456A-B082-077407FE3954}.Release|Any CPU.ActiveCfg = Release|Any CPU
		{5B8EFC6B-18A4-456A-B082-077407FE3954}.Release|Any CPU.Build.0 = Release|Any CPU
	EndGlobalSection
	GlobalSection(SolutionProperties) = preSolution
		HideSolutionNode = FALSE
	EndGlobalSection
	GlobalSection(NestedProjects) = preSolution
		{2777E3A9-0C66-4F4D-BA68-F2A42803FD8F} = {7D261E2A-B46B-478A-A9E2-42815C4E5993}
		{78A4A09A-B20F-4103-9DF4-B5AE77AEC17B} = {26F26A16-A771-42DF-AA15-69A66379ABC8}
		{720EF34A-9CE7-4EBD-A7BA-5B1E7F0BD173} = {26F26A16-A771-42DF-AA15-69A66379ABC8}
		{2DF7B4AB-42D7-4440-A79F-BF791CE1CD42} = {7D261E2A-B46B-478A-A9E2-42815C4E5993}
		{6EFA3031-9EFE-40F1-BCEE-D7BE9F152013} = {26F26A16-A771-42DF-AA15-69A66379ABC8}
		{FB8DF3D2-646E-43CB-A33F-157E5693FE31} = {6EFA3031-9EFE-40F1-BCEE-D7BE9F152013}
		{6BEF36E3-52CE-45B2-B587-1E7149E527E3} = {6EFA3031-9EFE-40F1-BCEE-D7BE9F152013}
		{206EEE1E-16E9-440A-A0AA-E6EF91D5F597} = {6EFA3031-9EFE-40F1-BCEE-D7BE9F152013}
		{A2C0A56F-F30A-4449-A273-9483E3EB745C} = {6EFA3031-9EFE-40F1-BCEE-D7BE9F152013}
		{3DA82923-E485-4685-9A8D-02D3CF702F95} = {6EFA3031-9EFE-40F1-BCEE-D7BE9F152013}
		{23F5247F-885C-4A94-9A29-C8A3FB0AB947} = {6EFA3031-9EFE-40F1-BCEE-D7BE9F152013}
		{3EF4D945-2E87-4087-94E5-3958770149BF} = {6EFA3031-9EFE-40F1-BCEE-D7BE9F152013}
		{9760FEF4-98AD-4415-8F48-CE14ADD919CD} = {6EFA3031-9EFE-40F1-BCEE-D7BE9F152013}
		{D967566B-96C8-4F06-8CA9-379723CB3135} = {6EFA3031-9EFE-40F1-BCEE-D7BE9F152013}
		{778DA9CF-7C73-40DA-AEAF-54C45EEBEC6F} = {6EFA3031-9EFE-40F1-BCEE-D7BE9F152013}
		{197062BB-62A5-4116-821A-652FEF37E731} = {6EFA3031-9EFE-40F1-BCEE-D7BE9F152013}
		{D16F015C-F286-4457-9BE8-10F0898B0447} = {26F26A16-A771-42DF-AA15-69A66379ABC8}
		{40241710-8EEE-42D4-93D6-E94BACD2D3F4} = {7D261E2A-B46B-478A-A9E2-42815C4E5993}
		{01210CA1-6F07-42CD-A8B7-C8BAADE351E1} = {7D261E2A-B46B-478A-A9E2-42815C4E5993}
		{5B8EFC6B-18A4-456A-B082-077407FE3954} = {6EFA3031-9EFE-40F1-BCEE-D7BE9F152013}
	EndGlobalSection
EndGlobal
